
Microsoft Visual Studio Solution File, Format Version 12.00
# Visual Studio Version 17
VisualStudioVersion = 17.8.34316.72
MinimumVisualStudioVersion = 10.0.40219.1
Project("{2150E333-8FDC-42A3-9474-1A3956D46DE8}") = "UI", "UI", "{51DEBD7E-9078-44E9-9C1F-AB444E2E0367}"
EndProject
Project("{2150E333-8FDC-42A3-9474-1A3956D46DE8}") = "src", "src", "{9FD1230D-7413-4BE0-954B-BFFAFD136AC9}"
EndProject
Project("{2150E333-8FDC-42A3-9474-1A3956D46DE8}") = "BLL", "BLL", "{604CE6BD-FF72-4863-9791-0F0F117414E3}"
EndProject
Project("{2150E333-8FDC-42A3-9474-1A3956D46DE8}") = "DAL", "DAL", "{23270841-03CD-4595-930A-F2B98D186AFE}"
EndProject
Project("{2150E333-8FDC-42A3-9474-1A3956D46DE8}") = "Models", "Models", "{A018B97C-47F5-4425-9917-F5219DA71856}"
EndProject
Project("{9A19103F-16F7-4668-BE54-9A1E7A4F7556}") = "BLL", "src\BLL\BLL.csproj", "{2128FE9B-CC14-4ADB-A761-73DE783C62CC}"
EndProject
Project("{9A19103F-16F7-4668-BE54-9A1E7A4F7556}") = "DAL", "src\DAL\DAL.csproj", "{DACFBAFD-A97E-428A-8E0E-11625F177F29}"
EndProject
Project("{9A19103F-16F7-4668-BE54-9A1E7A4F7556}") = "Models", "src\Models\Models.csproj", "{94115A7C-CE2D-4E40-AAA5-7F8F7619DEC3}"
EndProject
Project("{FAE04EC0-301F-11D3-BF4B-00C04F79EFBC}") = "VetSysControl", "src\UI\VetSysControl\VetSysControl.csproj", "{4B2760E5-01A7-4C9F-B9CE-1BCEB968DF99}"
EndProject
Global
	GlobalSection(SolutionConfigurationPlatforms) = preSolution
		Debug|Any CPU = Debug|Any CPU
		Release|Any CPU = Release|Any CPU
	EndGlobalSection
	GlobalSection(ProjectConfigurationPlatforms) = postSolution
		{2128FE9B-CC14-4ADB-A761-73DE783C62CC}.Debug|Any CPU.ActiveCfg = Debug|Any CPU
		{2128FE9B-CC14-4ADB-A761-73DE783C62CC}.Debug|Any CPU.Build.0 = Debug|Any CPU
		{2128FE9B-CC14-4ADB-A761-73DE783C62CC}.Release|Any CPU.ActiveCfg = Release|Any CPU
		{2128FE9B-CC14-4ADB-A761-73DE783C62CC}.Release|Any CPU.Build.0 = Release|Any CPU
		{DACFBAFD-A97E-428A-8E0E-11625F177F29}.Debug|Any CPU.ActiveCfg = Debug|Any CPU
		{DACFBAFD-A97E-428A-8E0E-11625F177F29}.Debug|Any CPU.Build.0 = Debug|Any CPU
		{DACFBAFD-A97E-428A-8E0E-11625F177F29}.Release|Any CPU.ActiveCfg = Release|Any CPU
		{DACFBAFD-A97E-428A-8E0E-11625F177F29}.Release|Any CPU.Build.0 = Release|Any CPU
		{94115A7C-CE2D-4E40-AAA5-7F8F7619DEC3}.Debug|Any CPU.ActiveCfg = Debug|Any CPU
		{94115A7C-CE2D-4E40-AAA5-7F8F7619DEC3}.Debug|Any CPU.Build.0 = Debug|Any CPU
		{94115A7C-CE2D-4E40-AAA5-7F8F7619DEC3}.Release|Any CPU.ActiveCfg = Release|Any CPU
		{94115A7C-CE2D-4E40-AAA5-7F8F7619DEC3}.Release|Any CPU.Build.0 = Release|Any CPU
		{4B2760E5-01A7-4C9F-B9CE-1BCEB968DF99}.Debug|Any CPU.ActiveCfg = Debug|Any CPU
		{4B2760E5-01A7-4C9F-B9CE-1BCEB968DF99}.Debug|Any CPU.Build.0 = Debug|Any CPU
		{4B2760E5-01A7-4C9F-B9CE-1BCEB968DF99}.Release|Any CPU.ActiveCfg = Release|Any CPU
		{4B2760E5-01A7-4C9F-B9CE-1BCEB968DF99}.Release|Any CPU.Build.0 = Release|Any CPU
	EndGlobalSection
	GlobalSection(SolutionProperties) = preSolution
		HideSolutionNode = FALSE
	EndGlobalSection
	GlobalSection(NestedProjects) = preSolution
		{51DEBD7E-9078-44E9-9C1F-AB444E2E0367} = {9FD1230D-7413-4BE0-954B-BFFAFD136AC9}
		{604CE6BD-FF72-4863-9791-0F0F117414E3} = {9FD1230D-7413-4BE0-954B-BFFAFD136AC9}
		{23270841-03CD-4595-930A-F2B98D186AFE} = {9FD1230D-7413-4BE0-954B-BFFAFD136AC9}
		{A018B97C-47F5-4425-9917-F5219DA71856} = {9FD1230D-7413-4BE0-954B-BFFAFD136AC9}
		{2128FE9B-CC14-4ADB-A761-73DE783C62CC} = {604CE6BD-FF72-4863-9791-0F0F117414E3}
		{DACFBAFD-A97E-428A-8E0E-11625F177F29} = {23270841-03CD-4595-930A-F2B98D186AFE}
		{94115A7C-CE2D-4E40-AAA5-7F8F7619DEC3} = {A018B97C-47F5-4425-9917-F5219DA71856}
		{4B2760E5-01A7-4C9F-B9CE-1BCEB968DF99} = {51DEBD7E-9078-44E9-9C1F-AB444E2E0367}
	EndGlobalSection
	GlobalSection(ExtensibilityGlobals) = postSolution
		SolutionGuid = {FA07B613-2C78-4AAD-B71B-E7A9FF3064B1}
	EndGlobalSection
EndGlobal
